{
  "name": "iopaint-miniprogram",
  "version": "1.0.0",
  "lockfileVersion": 3,
  "requires": true,
  "packages": {
    "": {
      "name": "iopaint-miniprogram",
      "version": "1.0.0",
      "dependencies": {
        "tdesign-miniprogram": "^1.9.5"
      }
    },
    "node_modules/tdesign-miniprogram": {
      "version": "1.9.5",
      "resolved": "https://registry.npmmirror.com/tdesign-miniprogram/-/tdesign-miniprogram-1.9.5.tgz",
      "integrity": "sha512-TvuGsQFYSJHDpxsa2mXHkEYAkDsoXmFSX+yu2rUxM6aMIHOdRk3ukaC+C4MqgOU6J9cyaLqaPwnhAW/YMD7xcg==",
      "license": "MIT"
    }
  }
}
